
Microsoft Visual Studio Solution File, Format Version 12.00
# Visual Studio Version 16
VisualStudioVersion = 16.0.30907.101
MinimumVisualStudioVersion = 10.0.40219.1
Project("{9A19103F-16F7-4668-BE54-9A1E7A4F7556}") = "Escola.Alf.Web", "Escola-Alf.Solution\Escola.Alf.Web.csproj", "{57320F5C-1756-4DF2-A707-288D4D3F70AF}"
	ProjectSection(ProjectDependencies) = postProject
		{7E0B2968-4D51-450A-A38C-C1CF6C0B5E10} = {7E0B2968-4D51-450A-A38C-C1CF6C0B5E10}
	EndProjectSection
EndProject
Project("{2150E333-8FDC-42A3-9474-1A3956D46DE8}") = "1. Web", "1. Web", "{1C963374-2B7B-4C6E-979C-F5A9A714276A}"
EndProject
Project("{2150E333-8FDC-42A3-9474-1A3956D46DE8}") = "2. Application", "2. Application", "{1388BB43-CB90-447D-B24D-C380161B6E8D}"
EndProject
Project("{9A19103F-16F7-4668-BE54-9A1E7A4F7556}") = "Escola.Alf.Application", "Escola-Alf.Application\Escola.Alf.Application.csproj", "{7E0B2968-4D51-450A-A38C-C1CF6C0B5E10}"
EndProject
Project("{2150E333-8FDC-42A3-9474-1A3956D46DE8}") = "3. Domain", "3. Domain", "{C9EE47EE-EC83-4985-B138-173B26289DBC}"
EndProject
Project("{FAE04EC0-301F-11D3-BF4B-00C04F79EFBC}") = "Escola.Alf.Domain", "Escola.Alf.Domain\Escola.Alf.Domain.csproj", "{C1369119-C9BB-4EA6-9824-6DAF7775C49B}"
EndProject
Project("{2150E333-8FDC-42A3-9474-1A3956D46DE8}") = "4. Infra", "4. Infra", "{3FAA9469-EA50-4801-B82D-A397C638900E}"
EndProject
Project("{FAE04EC0-301F-11D3-BF4B-00C04F79EFBC}") = "Escola.Alf.Infra", "Escola.Alf.Infra\Escola.Alf.Infra.csproj", "{2D3200F8-DAC0-4F0A-BA7C-6F1064777C2B}"
EndProject
Project("{2150E333-8FDC-42A3-9474-1A3956D46DE8}") = "5. Testes", "5. Testes", "{4846FDE5-6863-4427-95CF-E45568BB5FEC}"
EndProject
Project("{FAE04EC0-301F-11D3-BF4B-00C04F79EFBC}") = "Escola.Alf.Testes", "Escola.Alf.Testes\Escola.Alf.Testes.csproj", "{67A28754-D903-43DC-8516-357766A5C7AC}"
EndProject
Global
	GlobalSection(SolutionConfigurationPlatforms) = preSolution
		Debug|Any CPU = Debug|Any CPU
		Release|Any CPU = Release|Any CPU
	EndGlobalSection
	GlobalSection(ProjectConfigurationPlatforms) = postSolution
		{57320F5C-1756-4DF2-A707-288D4D3F70AF}.Debug|Any CPU.ActiveCfg = Debug|Any CPU
		{57320F5C-1756-4DF2-A707-288D4D3F70AF}.Debug|Any CPU.Build.0 = Debug|Any CPU
		{57320F5C-1756-4DF2-A707-288D4D3F70AF}.Release|Any CPU.ActiveCfg = Release|Any CPU
		{57320F5C-1756-4DF2-A707-288D4D3F70AF}.Release|Any CPU.Build.0 = Release|Any CPU
		{7E0B2968-4D51-450A-A38C-C1CF6C0B5E10}.Debug|Any CPU.ActiveCfg = Debug|Any CPU
		{7E0B2968-4D51-450A-A38C-C1CF6C0B5E10}.Debug|Any CPU.Build.0 = Debug|Any CPU
		{7E0B2968-4D51-450A-A38C-C1CF6C0B5E10}.Release|Any CPU.ActiveCfg = Release|Any CPU
		{7E0B2968-4D51-450A-A38C-C1CF6C0B5E10}.Release|Any CPU.Build.0 = Release|Any CPU
		{C1369119-C9BB-4EA6-9824-6DAF7775C49B}.Debug|Any CPU.ActiveCfg = Debug|Any CPU
		{C1369119-C9BB-4EA6-9824-6DAF7775C49B}.Debug|Any CPU.Build.0 = Debug|Any CPU
		{C1369119-C9BB-4EA6-9824-6DAF7775C49B}.Release|Any CPU.ActiveCfg = Release|Any CPU
		{C1369119-C9BB-4EA6-9824-6DAF7775C49B}.Release|Any CPU.Build.0 = Release|Any CPU
		{2D3200F8-DAC0-4F0A-BA7C-6F1064777C2B}.Debug|Any CPU.ActiveCfg = Debug|Any CPU
		{2D3200F8-DAC0-4F0A-BA7C-6F1064777C2B}.Debug|Any CPU.Build.0 = Debug|Any CPU
		{2D3200F8-DAC0-4F0A-BA7C-6F1064777C2B}.Release|Any CPU.ActiveCfg = Release|Any CPU
		{2D3200F8-DAC0-4F0A-BA7C-6F1064777C2B}.Release|Any CPU.Build.0 = Release|Any CPU
		{67A28754-D903-43DC-8516-357766A5C7AC}.Debug|Any CPU.ActiveCfg = Debug|Any CPU
		{67A28754-D903-43DC-8516-357766A5C7AC}.Debug|Any CPU.Build.0 = Debug|Any CPU
		{67A28754-D903-43DC-8516-357766A5C7AC}.Release|Any CPU.ActiveCfg = Release|Any CPU
		{67A28754-D903-43DC-8516-357766A5C7AC}.Release|Any CPU.Build.0 = Release|Any CPU
	EndGlobalSection
	GlobalSection(SolutionProperties) = preSolution
		HideSolutionNode = FALSE
	EndGlobalSection
	GlobalSection(NestedProjects) = preSolution
		{57320F5C-1756-4DF2-A707-288D4D3F70AF} = {1C963374-2B7B-4C6E-979C-F5A9A714276A}
		{7E0B2968-4D51-450A-A38C-C1CF6C0B5E10} = {1388BB43-CB90-447D-B24D-C380161B6E8D}
		{C1369119-C9BB-4EA6-9824-6DAF7775C49B} = {C9EE47EE-EC83-4985-B138-173B26289DBC}
		{2D3200F8-DAC0-4F0A-BA7C-6F1064777C2B} = {3FAA9469-EA50-4801-B82D-A397C638900E}
		{67A28754-D903-43DC-8516-357766A5C7AC} = {4846FDE5-6863-4427-95CF-E45568BB5FEC}
	EndGlobalSection
	GlobalSection(ExtensibilityGlobals) = postSolution
		SolutionGuid = {68B24D8C-D7CA-4FDF-A168-C1B713E239C3}
	EndGlobalSection
EndGlobal
